
Microsoft Visual Studio Solution File, Format Version 12.00
# Visual Studio Version 16
VisualStudioVersion = 16.0.810.8
MinimumVisualStudioVersion = 10.0.40219.1
Project("{FAE04EC0-301F-11D3-BF4B-00C04F79EFBC}") = "ArrayLista", "ArrayLista.csproj", "{44F3A624-6109-4EEC-A7C9-4418A5AE5090}"
EndProject
Global
	GlobalSection(SolutionConfigurationPlatforms) = preSolution
		Debug|anycpu = Debug|anycpu
		Release|anycpu = Release|anycpu
	EndGlobalSection
	GlobalSection(ProjectConfigurationPlatforms) = postSolution
		{44F3A624-6109-4EEC-A7C9-4418A5AE5090}.Debug|anycpu.ActiveCfg = Debug|anycpu
		{44F3A624-6109-4EEC-A7C9-4418A5AE5090}.Debug|anycpu.Build.0 = Debug|anycpu
		{44F3A624-6109-4EEC-A7C9-4418A5AE5090}.Release|anycpu.ActiveCfg = Release|anycpu
		{44F3A624-6109-4EEC-A7C9-4418A5AE5090}.Release|anycpu.Build.0 = Release|anycpu
	EndGlobalSection
	GlobalSection(SolutionProperties) = preSolution
		HideSolutionNode = FALSE
	EndGlobalSection
	GlobalSection(ExtensibilityGlobals) = postSolution
		SolutionGuid = {72AB0854-FD2B-4D2B-9586-CEB776A36426}
	EndGlobalSection
EndGlobal
